// !$*UTF8*$!
{
	archiveVersion = 1;
	classes = {
	};
	objectVersion = 56;
	objects = {

/* Begin PBXBuildFile section */
		334AEE7F317CC7CE4DC33525 /* Pods_instaCloneFirebase.framework in Frameworks */ = {isa = PBXBuildFile; fileRef = 0B99153B9A1A0C2BCF25FE2D /* Pods_instaCloneFirebase.framework */; };
		80432C9428D9E2540092A0E9 /* FeedCell.swift in Sources */ = {isa = PBXBuildFile; fileRef = 80432C9328D9E2540092A0E9 /* FeedCell.swift */; };
		809A42EE28D77E680023FC4D /* GoogleService-Info.plist in Resources */ = {isa = PBXBuildFile; fileRef = 809A42ED28D77E680023FC4D /* GoogleService-Info.plist */; };
		80C13D9028D7E4E7004B3F58 /* FeedVC.swift in Sources */ = {isa = PBXBuildFile; fileRef = 80C13D8F28D7E4E7004B3F58 /* FeedVC.swift */; };
		80C13D9228D7E4FC004B3F58 /* UploadVC.swift in Sources */ = {isa = PBXBuildFile; fileRef = 80C13D9128D7E4FC004B3F58 /* UploadVC.swift */; };
		80C13D9428D7E512004B3F58 /* SettingVC.swift in Sources */ = {isa = PBXBuildFile; fileRef = 80C13D9328D7E512004B3F58 /* SettingVC.swift */; };
		80F3605728D74CA60095BC13 /* AppDelegate.swift in Sources */ = {isa = PBXBuildFile; fileRef = 80F3605628D74CA60095BC13 /* AppDelegate.swift */; };
		80F3605928D74CA60095BC13 /* SceneDelegate.swift in Sources */ = {isa = PBXBuildFile; fileRef = 80F3605828D74CA60095BC13 /* SceneDelegate.swift */; };
		80F3605B28D74CA60095BC13 /* ViewController.swift in Sources */ = {isa = PBXBuildFile; fileRef = 80F3605A28D74CA60095BC13 /* ViewController.swift */; };
		80F3605E28D74CA60095BC13 /* Main.storyboard in Resources */ = {isa = PBXBuildFile; fileRef = 80F3605C28D74CA60095BC13 /* Main.storyboard */; };
		80F3606028D74CA70095BC13 /* Assets.xcassets in Resources */ = {isa = PBXBuildFile; fileRef = 80F3605F28D74CA70095BC13 /* Assets.xcassets */; };
		80F3606328D74CA70095BC13 /* LaunchScreen.storyboard in Resources */ = {isa = PBXBuildFile; fileRef = 80F3606128D74CA70095BC13 /* LaunchScreen.storyboard */; };
/* End PBXBuildFile section */

/* Begin PBXFileReference section */
		0B99153B9A1A0C2BCF25FE2D /* Pods_instaCloneFirebase.framework */ = {isa = PBXFileReference; explicitFileType = wrapper.framework; includeInIndex = 0; path = Pods_instaCloneFirebase.framework; sourceTree = BUILT_PRODUCTS_DIR; };
		544315C3015B9CB695677C44 /* Pods-instaCloneFirebase.debug.xcconfig */ = {isa = PBXFileReference; includeInIndex = 1; lastKnownFileType = text.xcconfig; name = "Pods-instaCloneFirebase.debug.xcconfig"; path = "Target Support Files/Pods-instaCloneFirebase/Pods-instaCloneFirebase.debug.xcconfig"; sourceTree = "<group>"; };
		80432C9328D9E2540092A0E9 /* FeedCell.swift */ = {isa = PBXFileReference; lastKnownFileType = sourcecode.swift; path = FeedCell.swift; sourceTree = "<group>"; };
		809A42ED28D77E680023FC4D /* GoogleService-Info.plist */ = {isa = PBXFileReference; fileEncoding = 4; lastKnownFileType = text.plist.xml; name = "GoogleService-Info.plist"; path = "../../../../Downloads/GoogleService-Info.plist"; sourceTree = "<group>"; };
		80C13D8F28D7E4E7004B3F58 /* FeedVC.swift */ = {isa = PBXFileReference; lastKnownFileType = sourcecode.swift; path = FeedVC.swift; sourceTree = "<group>"; };
		80C13D9128D7E4FC004B3F58 /* UploadVC.swift */ = {isa = PBXFileReference; lastKnownFileType = sourcecode.swift; path = UploadVC.swift; sourceTree = "<group>"; };
		80C13D9328D7E512004B3F58 /* SettingVC.swift */ = {isa = PBXFileReference; lastKnownFileType = sourcecode.swift; path = SettingVC.swift; sourceTree = "<group>"; };
		80F3605328D74CA60095BC13 /* instaCloneFirebase.app */ = {isa = PBXFileReference; explicitFileType = wrapper.application; includeInIndex = 0; path = instaCloneFirebase.app; sourceTree = BUILT_PRODUCTS_DIR; };
		80F3605628D74CA60095BC13 /* AppDelegate.swift */ = {isa = PBXFileReference; lastKnownFileType = sourcecode.swift; path = AppDelegate.swift; sourceTree = "<group>"; };
		80F3605828D74CA60095BC13 /* SceneDelegate.swift */ = {isa = PBXFileReference; lastKnownFileType = sourcecode.swift; path = SceneDelegate.swift; sourceTree = "<group>"; };
		80F3605A28D74CA60095BC13 /* ViewController.swift */ = {isa = PBXFileReference; lastKnownFileType = sourcecode.swift; path = ViewController.swift; sourceTree = "<group>"; };
		80F3605D28D74CA60095BC13 /* Base */ = {isa = PBXFileReference; lastKnownFileType = file.storyboard; name = Base; path = Base.lproj/Main.storyboard; sourceTree = "<group>"; };
		80F3605F28D74CA70095BC13 /* Assets.xcassets */ = {isa = PBXFileReference; lastKnownFileType = folder.assetcatalog; path = Assets.xcassets; sourceTree = "<group>"; };
		80F3606228D74CA70095BC13 /* Base */ = {isa = PBXFileReference; lastKnownFileType = file.storyboard; name = Base; path = Base.lproj/LaunchScreen.storyboard; sourceTree = "<group>"; };
		80F3606428D74CA70095BC13 /* Info.plist */ = {isa = PBXFileReference; lastKnownFileType = text.plist.xml; path = Info.plist; sourceTree = "<group>"; };
		D75DDA74A6DA8138E1B21E88 /* Pods-instaCloneFirebase.release.xcconfig */ = {isa = PBXFileReference; includeInIndex = 1; lastKnownFileType = text.xcconfig; name = "Pods-instaCloneFirebase.release.xcconfig"; path = "Target Support Files/Pods-instaCloneFirebase/Pods-instaCloneFirebase.release.xcconfig"; sourceTree = "<group>"; };
/* End PBXFileReference section */

/* Begin PBXFrameworksBuildPhase section */
		80F3605028D74CA60095BC13 /* Frameworks */ = {
			isa = PBXFrameworksBuildPhase;
			buildActionMask = 2147483647;
			files = (
				334AEE7F317CC7CE4DC33525 /* Pods_instaCloneFirebase.framework in Frameworks */,
			);
			runOnlyForDeploymentPostprocessing = 0;
		};
/* End PBXFrameworksBuildPhase section */

/* Begin PBXGroup section */
		6BBE257BD6F88A7058DB0DE2 /* Pods */ = {
			isa = PBXGroup;
			children = (
				544315C3015B9CB695677C44 /* Pods-instaCloneFirebase.debug.xcconfig */,
				D75DDA74A6DA8138E1B21E88 /* Pods-instaCloneFirebase.release.xcconfig */,
			);
			path = Pods;
			sourceTree = "<group>";
		};
		80F3604A28D74CA60095BC13 = {
			isa = PBXGroup;
			children = (
				80F3605528D74CA60095BC13 /* instaCloneFirebase */,
				80F3605428D74CA60095BC13 /* Products */,
				6BBE257BD6F88A7058DB0DE2 /* Pods */,
				84D58C390697CFDEA7FEBF4C /* Frameworks */,
			);
			sourceTree = "<group>";
		};
		80F3605428D74CA60095BC13 /* Products */ = {
			isa = PBXGroup;
			children = (
				80F3605328D74CA60095BC13 /* instaCloneFirebase.app */,
			);
			name = Products;
			sourceTree = "<group>";
		};
		80F3605528D74CA60095BC13 /* instaCloneFirebase */ = {
			isa = PBXGroup;
			children = (
				80F3605628D74CA60095BC13 /* AppDelegate.swift */,
				80F3605828D74CA60095BC13 /* SceneDelegate.swift */,
				80F3605A28D74CA60095BC13 /* ViewController.swift */,
				80C13D9128D7E4FC004B3F58 /* UploadVC.swift */,
				80C13D9328D7E512004B3F58 /* SettingVC.swift */,
				80C13D8F28D7E4E7004B3F58 /* FeedVC.swift */,
				80F3605C28D74CA60095BC13 /* Main.storyboard */,
				80F3605F28D74CA70095BC13 /* Assets.xcassets */,
				80F3606128D74CA70095BC13 /* LaunchScreen.storyboard */,
				80F3606428D74CA70095BC13 /* Info.plist */,
				809A42ED28D77E680023FC4D /* GoogleService-Info.plist */,
				80432C9328D9E2540092A0E9 /* FeedCell.swift */,
			);
			path = instaCloneFirebase;
			sourceTree = "<group>";
		};
		84D58C390697CFDEA7FEBF4C /* Frameworks */ = {
			isa = PBXGroup;
			children = (
				0B99153B9A1A0C2BCF25FE2D /* Pods_instaCloneFirebase.framework */,
			);
			name = Frameworks;
			sourceTree = "<group>";
		};
/* End PBXGroup section */

/* Begin PBXNativeTarget section */
		80F3605228D74CA60095BC13 /* instaCloneFirebase */ = {
			isa = PBXNativeTarget;
			buildConfigurationList = 80F3606728D74CA70095BC13 /* Build configuration list for PBXNativeTarget "instaCloneFirebase" */;
			buildPhases = (
				CDC7925B5B12E3C3A6BC6D4C /* [CP] Check Pods Manifest.lock */,
				80F3604F28D74CA60095BC13 /* Sources */,
				80F3605028D74CA60095BC13 /* Frameworks */,
				80F3605128D74CA60095BC13 /* Resources */,
				3C465B496809BF4FF8E9354C /* [CP] Embed Pods Frameworks */,
			);
			buildRules = (
			);
			dependencies = (
			);
			name = instaCloneFirebase;
			productName = instaCloneFirebase;
			productReference = 80F3605328D74CA60095BC13 /* instaCloneFirebase.app */;
			productType = "com.apple.product-type.application";
		};
/* End PBXNativeTarget section */

/* Begin PBXProject section */
		80F3604B28D74CA60095BC13 /* Project object */ = {
			isa = PBXProject;
			attributes = {
				BuildIndependentTargetsInParallel = 1;
				LastSwiftUpdateCheck = 1400;
				LastUpgradeCheck = 1400;
				TargetAttributes = {
					80F3605228D74CA60095BC13 = {
						CreatedOnToolsVersion = 14.0;
					};
				};
			};
			buildConfigurationList = 80F3604E28D74CA60095BC13 /* Build configuration list for PBXProject "instaCloneFirebase" */;
			compatibilityVersion = "Xcode 14.0";
			developmentRegion = en;
			hasScannedForEncodings = 0;
			knownRegions = (
				en,
				Base,
			);
			mainGroup = 80F3604A28D74CA60095BC13;
			productRefGroup = 80F3605428D74CA60095BC13 /* Products */;
			projectDirPath = "";
			projectRoot = "";
			targets = (
				80F3605228D74CA60095BC13 /* instaCloneFirebase */,
			);
		};
/* End PBXProject section */

/* Begin PBXResourcesBuildPhase section */
		80F3605128D74CA60095BC13 /* Resources */ = {
			isa = PBXResourcesBuildPhase;
			buildActionMask = 2147483647;
			files = (
				80F3606328D74CA70095BC13 /* LaunchScreen.storyboard in Resources */,
				809A42EE28D77E680023FC4D /* GoogleService-Info.plist in Resources */,
				80F3606028D74CA70095BC13 /* Assets.xcassets in Resources */,
				80F3605E28D74CA60095BC13 /* Main.storyboard in Resources */,
			);
			runOnlyForDeploymentPostprocessing = 0;
		};
/* End PBXResourcesBuildPhase section */

/* Begin PBXShellScriptBuildPhase section */
		3C465B496809BF4FF8E9354C /* [CP] Embed Pods Frameworks */ = {
			isa = PBXShellScriptBuildPhase;
			buildActionMask = 2147483647;
			files = (
			);
			inputFileListPaths = (
				"${PODS_ROOT}/Target Support Files/Pods-instaCloneFirebase/Pods-instaCloneFirebase-frameworks-${CONFIGURATION}-input-files.xcfilelist",
			);
			name = "[CP] Embed Pods Frameworks";
			outputFileListPaths = (
				"${PODS_ROOT}/Target Support Files/Pods-instaCloneFirebase/Pods-instaCloneFirebase-frameworks-${CONFIGURATION}-output-files.xcfilelist",
			);
			runOnlyForDeploymentPostprocessing = 0;
			shellPath = /bin/sh;
			shellScript = "\"${PODS_ROOT}/Target Support Files/Pods-instaCloneFirebase/Pods-instaCloneFirebase-frameworks.sh\"\n";
			showEnvVarsInLog = 0;
		};
		CDC7925B5B12E3C3A6BC6D4C /* [CP] Check Pods Manifest.lock */ = {
			isa = PBXShellScriptBuildPhase;
			buildActionMask = 2147483647;
			files = (
			);
			inputFileListPaths = (
			);
			inputPaths = (
				"${PODS_PODFILE_DIR_PATH}/Podfile.lock",
				"${PODS_ROOT}/Manifest.lock",
			);
			name = "[CP] Check Pods Manifest.lock";
			outputFileListPaths = (
			);
			outputPaths = (
				"$(DERIVED_FILE_DIR)/Pods-instaCloneFirebase-checkManifestLockResult.txt",
			);
			runOnlyForDeploymentPostprocessing = 0;
			shellPath = /bin/sh;
			shellScript = "diff \"${PODS_PODFILE_DIR_PATH}/Podfile.lock\" \"${PODS_ROOT}/Manifest.lock\" > /dev/null\nif [ $? != 0 ] ; then\n    # print error to STDERR\n    echo \"error: The sandbox is not in sync with the Podfile.lock. Run 'pod install' or update your CocoaPods installation.\" >&2\n    exit 1\nfi\n# This output is used by Xcode 'outputs' to avoid re-running this script phase.\necho \"SUCCESS\" > \"${SCRIPT_OUTPUT_FILE_0}\"\n";
			showEnvVarsInLog = 0;
		};
/* End PBXShellScriptBuildPhase section */

/* Begin PBXSourcesBuildPhase section */
		80F3604F28D74CA60095BC13 /* Sources */ = {
			isa = PBXSourcesBuildPhase;
			buildActionMask = 2147483647;
			files = (
				80432C9428D9E2540092A0E9 /* FeedCell.swift in Sources */,
				80C13D9028D7E4E7004B3F58 /* FeedVC.swift in Sources */,
				80C13D9428D7E512004B3F58 /* SettingVC.swift in Sources */,
				80F3605B28D74CA60095BC13 /* ViewController.swift in Sources */,
				80F3605728D74CA60095BC13 /* AppDelegate.swift in Sources */,
				80C13D9228D7E4FC004B3F58 /* UploadVC.swift in Sources */,
				80F3605928D74CA60095BC13 /* SceneDelegate.swift in Sources */,
			);
			runOnlyForDeploymentPostprocessing = 0;
		};
/* End PBXSourcesBuildPhase section */

/* Begin PBXVariantGroup section */
		80F3605C28D74CA60095BC13 /* Main.storyboard */ = {
			isa = PBXVariantGroup;
			children = (
				80F3605D28D74CA60095BC13 /* Base */,
			);
			name = Main.storyboard;
			sourceTree = "<group>";
		};
		80F3606128D74CA70095BC13 /* LaunchScreen.storyboard */ = {
			isa = PBXVariantGroup;
			children = (
				80F3606228D74CA70095BC13 /* Base */,
			);
			name = LaunchScreen.storyboard;
			sourceTree = "<group>";
		};
/* End PBXVariantGroup section */

/* Begin XCBuildConfiguration section */
		80F3606528D74CA70095BC13 /* Debug */ = {
			isa = XCBuildConfiguration;
			buildSettings = {
				ALWAYS_SEARCH_USER_PATHS = NO;
				CLANG_ANALYZER_NONNULL = YES;
				CLANG_ANALYZER_NUMBER_OBJECT_CONVERSION = YES_AGGRESSIVE;
				CLANG_CXX_LANGUAGE_STANDARD = "gnu++20";
				CLANG_ENABLE_MODULES = YES;
				CLANG_ENABLE_OBJC_ARC = YES;
				CLANG_ENABLE_OBJC_WEAK = YES;
				CLANG_WARN_BLOCK_CAPTURE_AUTORELEASING = YES;
				CLANG_WARN_BOOL_CONVERSION = YES;
				CLANG_WARN_COMMA = YES;
				CLANG_WARN_CONSTANT_CONVERSION = YES;
				CLANG_WARN_DEPRECATED_OBJC_IMPLEMENTATIONS = YES;
				CLANG_WARN_DIRECT_OBJC_ISA_USAGE = YES_ERROR;
				CLANG_WARN_DOCUMENTATION_COMMENTS = YES;
				CLANG_WARN_EMPTY_BODY = YES;
				CLANG_WARN_ENUM_CONVERSION = YES;
				CLANG_WARN_INFINITE_RECURSION = YES;
				CLANG_WARN_INT_CONVERSION = YES;
				CLANG_WARN_NON_LITERAL_NULL_CONVERSION = YES;
				CLANG_WARN_OBJC_IMPLICIT_RETAIN_SELF = YES;
				CLANG_WARN_OBJC_LITERAL_CONVERSION = YES;
				CLANG_WARN_OBJC_ROOT_CLASS = YES_ERROR;
				CLANG_WARN_QUOTED_INCLUDE_IN_FRAMEWORK_HEADER = YES;
				CLANG_WARN_RANGE_LOOP_ANALYSIS = YES;
				CLANG_WARN_STRICT_PROTOTYPES = YES;
				CLANG_WARN_SUSPICIOUS_MOVE = YES;
				CLANG_WARN_UNGUARDED_AVAILABILITY = YES_AGGRESSIVE;
				CLANG_WARN_UNREACHABLE_CODE = YES;
				CLANG_WARN__DUPLICATE_METHOD_MATCH = YES;
				COPY_PHASE_STRIP = NO;
				DEBUG_INFORMATION_FORMAT = dwarf;
				ENABLE_STRICT_OBJC_MSGSEND = YES;
				ENABLE_TESTABILITY = YES;
				GCC_C_LANGUAGE_STANDARD = gnu11;
				GCC_DYNAMIC_NO_PIC = NO;
				GCC_NO_COMMON_BLOCKS = YES;
				GCC_OPTIMIZATION_LEVEL = 0;
				GCC_PREPROCESSOR_DEFINITIONS = (
					"DEBUG=1",
					"$(inherited)",
				);
				GCC_WARN_64_TO_32_BIT_CONVERSION = YES;
				GCC_WARN_ABOUT_RETURN_TYPE = YES_ERROR;
				GCC_WARN_UNDECLARED_SELECTOR = YES;
				GCC_WARN_UNINITIALIZED_AUTOS = YES_AGGRESSIVE;
				GCC_WARN_UNUSED_FUNCTION = YES;
				GCC_WARN_UNUSED_VARIABLE = YES;
				IPHONEOS_DEPLOYMENT_TARGET = 16.0;
				MTL_ENABLE_DEBUG_INFO = INCLUDE_SOURCE;
				MTL_FAST_MATH = YES;
				ONLY_ACTIVE_ARCH = YES;
				SDKROOT = iphoneos;
				SWIFT_ACTIVE_COMPILATION_CONDITIONS = DEBUG;
				SWIFT_OPTIMIZATION_LEVEL = "-Onone";
			};
			name = Debug;
		};
		80F3606628D74CA70095BC13 /* Release */ = {
			isa = XCBuildConfiguration;
			buildSettings = {
				ALWAYS_SEARCH_USER_PATHS = NO;
				CLANG_ANALYZER_NONNULL = YES;
				CLANG_ANALYZER_NUMBER_OBJECT_CONVERSION = YES_AGGRESSIVE;
				CLANG_CXX_LANGUAGE_STANDARD = "gnu++20";
				CLANG_ENABLE_MODULES = YES;
				CLANG_ENABLE_OBJC_ARC = YES;
				CLANG_ENABLE_OBJC_WEAK = YES;
				CLANG_WARN_BLOCK_CAPTURE_AUTORELEASING = YES;
				CLANG_WARN_BOOL_CONVERSION = YES;
				CLANG_WARN_COMMA = YES;
				CLANG_WARN_CONSTANT_CONVERSION = YES;
				CLANG_WARN_DEPRECATED_OBJC_IMPLEMENTATIONS = YES;
				CLANG_WARN_DIRECT_OBJC_ISA_USAGE = YES_ERROR;
				CLANG_WARN_DOCUMENTATION_COMMENTS = YES;
				CLANG_WARN_EMPTY_BODY = YES;
				CLANG_WARN_ENUM_CONVERSION = YES;
				CLANG_WARN_INFINITE_RECURSION = YES;
				CLANG_WARN_INT_CONVERSION = YES;
				CLANG_WARN_NON_LITERAL_NULL_CONVERSION = YES;
				CLANG_WARN_OBJC_IMPLICIT_RETAIN_SELF = YES;
				CLANG_WARN_OBJC_LITERAL_CONVERSION = YES;
				CLANG_WARN_OBJC_ROOT_CLASS = YES_ERROR;
				CLANG_WARN_QUOTED_INCLUDE_IN_FRAMEWORK_HEADER = YES;
				CLANG_WARN_RANGE_LOOP_ANALYSIS = YES;
				CLANG_WARN_STRICT_PROTOTYPES = YES;
				CLANG_WARN_SUSPICIOUS_MOVE = YES;
				CLANG_WARN_UNGUARDED_AVAILABILITY = YES_AGGRESSIVE;
				CLANG_WARN_UNREACHABLE_CODE = YES;
				CLANG_WARN__DUPLICATE_METHOD_MATCH = YES;
				COPY_PHASE_STRIP = NO;
				DEBUG_INFORMATION_FORMAT = "dwarf-with-dsym";
				ENABLE_NS_ASSERTIONS = NO;
				ENABLE_STRICT_OBJC_MSGSEND = YES;
				GCC_C_LANGUAGE_STANDARD = gnu11;
				GCC_NO_COMMON_BLOCKS = YES;
				GCC_WARN_64_TO_32_BIT_CONVERSION = YES;
				GCC_WARN_ABOUT_RETURN_TYPE = YES_ERROR;
				GCC_WARN_UNDECLARED_SELECTOR = YES;
				GCC_WARN_UNINITIALIZED_AUTOS = YES_AGGRESSIVE;
				GCC_WARN_UNUSED_FUNCTION = YES;
				GCC_WARN_UNUSED_VARIABLE = YES;
				IPHONEOS_DEPLOYMENT_TARGET = 16.0;
				MTL_ENABLE_DEBUG_INFO = NO;
				MTL_FAST_MATH = YES;
				SDKROOT = iphoneos;
				SWIFT_COMPILATION_MODE = wholemodule;
				SWIFT_OPTIMIZATION_LEVEL = "-O";
				VALIDATE_PRODUCT = YES;
			};
			name = Release;
		};
		80F3606828D74CA70095BC13 /* Debug */ = {
			isa = XCBuildConfiguration;
			baseConfigurationReference = 544315C3015B9CB695677C44 /* Pods-instaCloneFirebase.debug.xcconfig */;
			buildSettings = {
				ASSETCATALOG_COMPILER_APPICON_NAME = AppIcon;
				ASSETCATALOG_COMPILER_GLOBAL_ACCENT_COLOR_NAME = AccentColor;
				CODE_SIGN_STYLE = Automatic;
				CURRENT_PROJECT_VERSION = 1;
				DEVELOPMENT_TEAM = 32RA7X635C;
				GENERATE_INFOPLIST_FILE = YES;
				INFOPLIST_FILE = instaCloneFirebase/Info.plist;
				INFOPLIST_KEY_UIApplicationSupportsIndirectInputEvents = YES;
				INFOPLIST_KEY_UILaunchStoryboardName = LaunchScreen;
				INFOPLIST_KEY_UIMainStoryboardFile = Main;
				INFOPLIST_KEY_UISupportedInterfaceOrientations_iPad = "UIInterfaceOrientationPortrait UIInterfaceOrientationPortraitUpsideDown UIInterfaceOrientationLandscapeLeft UIInterfaceOrientationLandscapeRight";
				INFOPLIST_KEY_UISupportedInterfaceOrientations_iPhone = "UIInterfaceOrientationPortrait UIInterfaceOrientationLandscapeLeft UIInterfaceOrientationLandscapeRight";
				LD_RUNPATH_SEARCH_PATHS = (
					"$(inherited)",
					"@executable_path/Frameworks",
				);
				MARKETING_VERSION = 1.0;
				PRODUCT_BUNDLE_IDENTIFIER = majuro.instaCloneFirebase;
				PRODUCT_NAME = "$(TARGET_NAME)";
				SWIFT_EMIT_LOC_STRINGS = YES;
				SWIFT_VERSION = 5.0;
				TARGETED_DEVICE_FAMILY = "1,2";
			};
			name = Debug;
		};
		80F3606928D74CA70095BC13 /* Release */ = {
			isa = XCBuildConfiguration;
			baseConfigurationReference = D75DDA74A6DA8138E1B21E88 /* Pods-instaCloneFirebase.release.xcconfig */;
			buildSettings = {
				ASSETCATALOG_COMPILER_APPICON_NAME = AppIcon;
				ASSETCATALOG_COMPILER_GLOBAL_ACCENT_COLOR_NAME = AccentColor;
				CODE_SIGN_STYLE = Automatic;
				CURRENT_PROJECT_VERSION = 1;
				DEVELOPMENT_TEAM = 32RA7X635C;
				GENERATE_INFOPLIST_FILE = YES;
				INFOPLIST_FILE = instaCloneFirebase/Info.plist;
				INFOPLIST_KEY_UIApplicationSupportsIndirectInputEvents = YES;
				INFOPLIST_KEY_UILaunchStoryboardName = LaunchScreen;
				INFOPLIST_KEY_UIMainStoryboardFile = Main;
				INFOPLIST_KEY_UISupportedInterfaceOrientations_iPad = "UIInterfaceOrientationPortrait UIInterfaceOrientationPortraitUpsideDown UIInterfaceOrientationLandscapeLeft UIInterfaceOrientationLandscapeRight";
				INFOPLIST_KEY_UISupportedInterfaceOrientations_iPhone = "UIInterfaceOrientationPortrait UIInterfaceOrientationLandscapeLeft UIInterfaceOrientationLandscapeRight";
				LD_RUNPATH_SEARCH_PATHS = (
					"$(inherited)",
					"@executable_path/Frameworks",
				);
				MARKETING_VERSION = 1.0;
				PRODUCT_BUNDLE_IDENTIFIER = majuro.instaCloneFirebase;
				PRODUCT_NAME = "$(TARGET_NAME)";
				SWIFT_EMIT_LOC_STRINGS = YES;
				SWIFT_VERSION = 5.0;
				TARGETED_DEVICE_FAMILY = "1,2";
			};
			name = Release;
		};
/* End XCBuildConfiguration section */

/* Begin XCConfigurationList section */
		80F3604E28D74CA60095BC13 /* Build configuration list for PBXProject "instaCloneFirebase" */ = {
			isa = XCConfigurationList;
			buildConfigurations = (
				80F3606528D74CA70095BC13 /* Debug */,
				80F3606628D74CA70095BC13 /* Release */,
			);
			defaultConfigurationIsVisible = 0;
			defaultConfigurationName = Release;
		};
		80F3606728D74CA70095BC13 /* Build configuration list for PBXNativeTarget "instaCloneFirebase" */ = {
			isa = XCConfigurationList;
			buildConfigurations = (
				80F3606828D74CA70095BC13 /* Debug */,
				80F3606928D74CA70095BC13 /* Release */,
			);
			defaultConfigurationIsVisible = 0;
			defaultConfigurationName = Release;
		};
/* End XCConfigurationList section */
	};
	rootObject = 80F3604B28D74CA60095BC13 /* Project object */;
}
